
Microsoft Visual Studio Solution File, Format Version 12.00
# Visual Studio Version 16
VisualStudioVersion = 16.0.29306.81
MinimumVisualStudioVersion = 10.0.40219.1
Project("{FAE04EC0-301F-11D3-BF4B-00C04F79EFBC}") = "Demohoa.Android", "Demohoa\Demohoa.Android\Demohoa.Android.csproj", "{DB017411-2C29-494C-968C-55B8332F923F}"
EndProject
Project("{FAE04EC0-301F-11D3-BF4B-00C04F79EFBC}") = "Demohoa.iOS", "Demohoa\Demohoa.iOS\Demohoa.iOS.csproj", "{EDF38F54-6E9E-45C2-95D3-4884BA92BD3C}"
EndProject
Project("{FAE04EC0-301F-11D3-BF4B-00C04F79EFBC}") = "Demohoa", "Demohoa\Demohoa\Demohoa.csproj", "{7EFACBB3-D9F3-47EB-96CB-47BE7012AE7B}"
EndProject
Global
	GlobalSection(SolutionConfigurationPlatforms) = preSolution
		Debug|Any CPU = Debug|Any CPU
		Debug|iPhone = Debug|iPhone
		Debug|iPhoneSimulator = Debug|iPhoneSimulator
		Release|Any CPU = Release|Any CPU
		Release|iPhone = Release|iPhone
		Release|iPhoneSimulator = Release|iPhoneSimulator
	EndGlobalSection
	GlobalSection(ProjectConfigurationPlatforms) = postSolution
		{DB017411-2C29-494C-968C-55B8332F923F}.Debug|Any CPU.ActiveCfg = Debug|Any CPU
		{DB017411-2C29-494C-968C-55B8332F923F}.Debug|Any CPU.Build.0 = Debug|Any CPU
		{DB017411-2C29-494C-968C-55B8332F923F}.Debug|Any CPU.Deploy.0 = Debug|Any CPU
		{DB017411-2C29-494C-968C-55B8332F923F}.Debug|iPhone.ActiveCfg = Debug|Any CPU
		{DB017411-2C29-494C-968C-55B8332F923F}.Debug|iPhone.Build.0 = Debug|Any CPU
		{DB017411-2C29-494C-968C-55B8332F923F}.Debug|iPhone.Deploy.0 = Debug|Any CPU
		{DB017411-2C29-494C-968C-55B8332F923F}.Debug|iPhoneSimulator.ActiveCfg = Debug|Any CPU
		{DB017411-2C29-494C-968C-55B8332F923F}.Debug|iPhoneSimulator.Build.0 = Debug|Any CPU
		{DB017411-2C29-494C-968C-55B8332F923F}.Debug|iPhoneSimulator.Deploy.0 = Debug|Any CPU
		{DB017411-2C29-494C-968C-55B8332F923F}.Release|Any CPU.ActiveCfg = Release|Any CPU
		{DB017411-2C29-494C-968C-55B8332F923F}.Release|Any CPU.Build.0 = Release|Any CPU
		{DB017411-2C29-494C-968C-55B8332F923F}.Release|Any CPU.Deploy.0 = Release|Any CPU
		{DB017411-2C29-494C-968C-55B8332F923F}.Release|iPhone.ActiveCfg = Release|Any CPU
		{DB017411-2C29-494C-968C-55B8332F923F}.Release|iPhone.Build.0 = Release|Any CPU
		{DB017411-2C29-494C-968C-55B8332F923F}.Release|iPhone.Deploy.0 = Release|Any CPU
		{DB017411-2C29-494C-968C-55B8332F923F}.Release|iPhoneSimulator.ActiveCfg = Release|Any CPU
		{DB017411-2C29-494C-968C-55B8332F923F}.Release|iPhoneSimulator.Build.0 = Release|Any CPU
		{DB017411-2C29-494C-968C-55B8332F923F}.Release|iPhoneSimulator.Deploy.0 = Release|Any CPU
		{EDF38F54-6E9E-45C2-95D3-4884BA92BD3C}.Debug|Any CPU.ActiveCfg = Debug|iPhoneSimulator
		{EDF38F54-6E9E-45C2-95D3-4884BA92BD3C}.Debug|Any CPU.Build.0 = Debug|iPhoneSimulator
		{EDF38F54-6E9E-45C2-95D3-4884BA92BD3C}.Debug|Any CPU.Deploy.0 = Debug|iPhoneSimulator
		{EDF38F54-6E9E-45C2-95D3-4884BA92BD3C}.Debug|iPhone.ActiveCfg = Debug|iPhone
		{EDF38F54-6E9E-45C2-95D3-4884BA92BD3C}.Debug|iPhone.Build.0 = Debug|iPhone
		{EDF38F54-6E9E-45C2-95D3-4884BA92BD3C}.Debug|iPhone.Deploy.0 = Debug|iPhone
		{EDF38F54-6E9E-45C2-95D3-4884BA92BD3C}.Debug|iPhoneSimulator.ActiveCfg = Debug|iPhoneSimulator
		{EDF38F54-6E9E-45C2-95D3-4884BA92BD3C}.Debug|iPhoneSimulator.Build.0 = Debug|iPhoneSimulator
		{EDF38F54-6E9E-45C2-95D3-4884BA92BD3C}.Debug|iPhoneSimulator.Deploy.0 = Debug|iPhoneSimulator
		{EDF38F54-6E9E-45C2-95D3-4884BA92BD3C}.Release|Any CPU.ActiveCfg = Release|iPhone
		{EDF38F54-6E9E-45C2-95D3-4884BA92BD3C}.Release|Any CPU.Build.0 = Release|iPhone
		{EDF38F54-6E9E-45C2-95D3-4884BA92BD3C}.Release|Any CPU.Deploy.0 = Release|iPhone
		{EDF38F54-6E9E-45C2-95D3-4884BA92BD3C}.Release|iPhone.ActiveCfg = Release|iPhone
		{EDF38F54-6E9E-45C2-95D3-4884BA92BD3C}.Release|iPhone.Build.0 = Release|iPhone
		{EDF38F54-6E9E-45C2-95D3-4884BA92BD3C}.Release|iPhone.Deploy.0 = Release|iPhone
		{EDF38F54-6E9E-45C2-95D3-4884BA92BD3C}.Release|iPhoneSimulator.ActiveCfg = Release|iPhoneSimulator
		{EDF38F54-6E9E-45C2-95D3-4884BA92BD3C}.Release|iPhoneSimulator.Build.0 = Release|iPhoneSimulator
		{EDF38F54-6E9E-45C2-95D3-4884BA92BD3C}.Release|iPhoneSimulator.Deploy.0 = Release|iPhoneSimulator
		{7EFACBB3-D9F3-47EB-96CB-47BE7012AE7B}.Debug|Any CPU.ActiveCfg = Debug|Any CPU
		{7EFACBB3-D9F3-47EB-96CB-47BE7012AE7B}.Debug|Any CPU.Build.0 = Debug|Any CPU
		{7EFACBB3-D9F3-47EB-96CB-47BE7012AE7B}.Debug|Any CPU.Deploy.0 = Debug|Any CPU
		{7EFACBB3-D9F3-47EB-96CB-47BE7012AE7B}.Debug|iPhone.ActiveCfg = Debug|Any CPU
		{7EFACBB3-D9F3-47EB-96CB-47BE7012AE7B}.Debug|iPhone.Build.0 = Debug|Any CPU
		{7EFACBB3-D9F3-47EB-96CB-47BE7012AE7B}.Debug|iPhone.Deploy.0 = Debug|Any CPU
		{7EFACBB3-D9F3-47EB-96CB-47BE7012AE7B}.Debug|iPhoneSimulator.ActiveCfg = Debug|Any CPU
		{7EFACBB3-D9F3-47EB-96CB-47BE7012AE7B}.Debug|iPhoneSimulator.Build.0 = Debug|Any CPU
		{7EFACBB3-D9F3-47EB-96CB-47BE7012AE7B}.Debug|iPhoneSimulator.Deploy.0 = Debug|Any CPU
		{7EFACBB3-D9F3-47EB-96CB-47BE7012AE7B}.Release|Any CPU.ActiveCfg = Release|Any CPU
		{7EFACBB3-D9F3-47EB-96CB-47BE7012AE7B}.Release|Any CPU.Build.0 = Release|Any CPU
		{7EFACBB3-D9F3-47EB-96CB-47BE7012AE7B}.Release|Any CPU.Deploy.0 = Release|Any CPU
		{7EFACBB3-D9F3-47EB-96CB-47BE7012AE7B}.Release|iPhone.ActiveCfg = Release|Any CPU
		{7EFACBB3-D9F3-47EB-96CB-47BE7012AE7B}.Release|iPhone.Build.0 = Release|Any CPU
		{7EFACBB3-D9F3-47EB-96CB-47BE7012AE7B}.Release|iPhone.Deploy.0 = Release|Any CPU
		{7EFACBB3-D9F3-47EB-96CB-47BE7012AE7B}.Release|iPhoneSimulator.ActiveCfg = Release|Any CPU
		{7EFACBB3-D9F3-47EB-96CB-47BE7012AE7B}.Release|iPhoneSimulator.Build.0 = Release|Any CPU
		{7EFACBB3-D9F3-47EB-96CB-47BE7012AE7B}.Release|iPhoneSimulator.Deploy.0 = Release|Any CPU
	EndGlobalSection
	GlobalSection(SolutionProperties) = preSolution
		HideSolutionNode = FALSE
	EndGlobalSection
	GlobalSection(ExtensibilityGlobals) = postSolution
		SolutionGuid = {D77F7E19-C525-4BE2-BB8E-AF6243C71BE8}
	EndGlobalSection
EndGlobal
